{
  "name": "upload-questoes",
  "version": "1.0.0",
  "lockfileVersion": 3,
  "requires": true,
  "packages": {
    "": {
      "name": "upload-questoes",
      "version": "1.0.0",
      "license": "ISC",
      "dependencies": {
        "mathml-to-latex": "^1.4.3"
      }
    },
    "node_modules/@xmldom/xmldom": {
      "version": "0.8.10",
      "resolved": "https://registry.npmjs.org/@xmldom/xmldom/-/xmldom-0.8.10.tgz",
      "integrity": "sha512-2WALfTl4xo2SkGCYRt6rDTFfk9R1czmBvUQy12gK2KuRKIpWEhcbbzy8EZXtz/jkRqHX8bFEc6FC1HjX4TUWYw==",
      "license": "MIT",
      "engines": {
        "node": ">=10.0.0"
      }
    },
    "node_modules/mathml-to-latex": {
      "version": "1.4.3",
      "resolved": "https://registry.npmjs.org/mathml-to-latex/-/mathml-to-latex-1.4.3.tgz",
      "integrity": "sha512-RfMRrpIBEk/BweXKZx0Mb3u5nA6/vKASYeVnclAed6pEhnfaCi1jfDqXYBEbzRsS+ORd1jB88Easa1Ov7majKQ==",
      "license": "MIT",
      "dependencies": {
        "@xmldom/xmldom": "^0.8.10"
      }
    }
  }
}
